
Microsoft Visual Studio Solution File, Format Version 12.00
# Visual Studio Version 17
VisualStudioVersion = 17.7.34031.279
MinimumVisualStudioVersion = 10.0.40219.1
Project("{FAE04EC0-301F-11D3-BF4B-00C04F79EFBC}") = "eTickets", "eTickets\eTickets.csproj", "{3ED173FE-56E2-41B7-B3CE-F5A3920156A4}"
EndProject
Global
	GlobalSection(SolutionConfigurationPlatforms) = preSolution
		Debug|Any CPU = Debug|Any CPU
		Release|Any CPU = Release|Any CPU
	EndGlobalSection
	GlobalSection(ProjectConfigurationPlatforms) = postSolution
		{3ED173FE-56E2-41B7-B3CE-F5A3920156A4}.Debug|Any CPU.ActiveCfg = Debug|Any CPU
		{3ED173FE-56E2-41B7-B3CE-F5A3920156A4}.Debug|Any CPU.Build.0 = Debug|Any CPU
		{3ED173FE-56E2-41B7-B3CE-F5A3920156A4}.Release|Any CPU.ActiveCfg = Release|Any CPU
		{3ED173FE-56E2-41B7-B3CE-F5A3920156A4}.Release|Any CPU.Build.0 = Release|Any CPU
	EndGlobalSection
	GlobalSection(SolutionProperties) = preSolution
		HideSolutionNode = FALSE
	EndGlobalSection
	GlobalSection(ExtensibilityGlobals) = postSolution
		SolutionGuid = {E8C01C6D-8B54-4617-A5D8-80F24F6118A6}
	EndGlobalSection
EndGlobal
